
Microsoft Visual Studio Solution File, Format Version 12.00
# Visual Studio Version 16
VisualStudioVersion = 16.0.32126.315
MinimumVisualStudioVersion = 10.0.40219.1
Project("{FAE04EC0-301F-11D3-BF4B-00C04F79EFBC}") = "u21653268_HW05", "u21653268_HW05\u21653268_HW05.csproj", "{8F3BE8DA-B695-4998-B2DF-BB6BFAE148D5}"
EndProject
Global
	GlobalSection(SolutionConfigurationPlatforms) = preSolution
		Debug|Any CPU = Debug|Any CPU
		Release|Any CPU = Release|Any CPU
	EndGlobalSection
	GlobalSection(ProjectConfigurationPlatforms) = postSolution
		{8F3BE8DA-B695-4998-B2DF-BB6BFAE148D5}.Debug|Any CPU.ActiveCfg = Debug|Any CPU
		{8F3BE8DA-B695-4998-B2DF-BB6BFAE148D5}.Debug|Any CPU.Build.0 = Debug|Any CPU
		{8F3BE8DA-B695-4998-B2DF-BB6BFAE148D5}.Release|Any CPU.ActiveCfg = Release|Any CPU
		{8F3BE8DA-B695-4998-B2DF-BB6BFAE148D5}.Release|Any CPU.Build.0 = Release|Any CPU
	EndGlobalSection
	GlobalSection(SolutionProperties) = preSolution
		HideSolutionNode = FALSE
	EndGlobalSection
	GlobalSection(ExtensibilityGlobals) = postSolution
		SolutionGuid = {B5AD20C0-34D5-4C6C-984F-F9DA09C81461}
	EndGlobalSection
EndGlobal
